// !$*UTF8*$!
{
	archiveVersion = 1;
	classes = {
	};
	objectVersion = 55;
	objects = {

/* Begin PBXBuildFile section */
		45E91004276ADC220068E98C /* AppDelegate.swift in Sources */ = {isa = PBXBuildFile; fileRef = 45E91003276ADC220068E98C /* AppDelegate.swift */; };
		45E91008276ADC220068E98C /* RestaurantsViewController.swift in Sources */ = {isa = PBXBuildFile; fileRef = 45E91007276ADC220068E98C /* RestaurantsViewController.swift */; };
		45E9100D276ADC250068E98C /* Assets.xcassets in Resources */ = {isa = PBXBuildFile; fileRef = 45E9100C276ADC250068E98C /* Assets.xcassets */; };
		45E91010276ADC250068E98C /* LaunchScreen.storyboard in Resources */ = {isa = PBXBuildFile; fileRef = 45E9100E276ADC250068E98C /* LaunchScreen.storyboard */; };
		45E91018276AE89B0068E98C /* RestaurantsViewModel.swift in Sources */ = {isa = PBXBuildFile; fileRef = 45E91017276AE89B0068E98C /* RestaurantsViewModel.swift */; };
		45E9101A276AEE2A0068E98C /* RestaurantsTableView.swift in Sources */ = {isa = PBXBuildFile; fileRef = 45E91019276AEE2A0068E98C /* RestaurantsTableView.swift */; };
		45E9101C276AEEF10068E98C /* RestaurantsMapView.swift in Sources */ = {isa = PBXBuildFile; fileRef = 45E9101B276AEEF10068E98C /* RestaurantsMapView.swift */; };
		45E9101E276AEFB20068E98C /* RestaurantInfoView.swift in Sources */ = {isa = PBXBuildFile; fileRef = 45E9101D276AEFB20068E98C /* RestaurantInfoView.swift */; };
		45E91020276AF2B60068E98C /* RestaurantsBaseView.swift in Sources */ = {isa = PBXBuildFile; fileRef = 45E9101F276AF2B60068E98C /* RestaurantsBaseView.swift */; };
		45E91026276C02D50068E98C /* RestaurantTableViewCell.swift in Sources */ = {isa = PBXBuildFile; fileRef = 45E91025276C02D50068E98C /* RestaurantTableViewCell.swift */; };
		45E91028276C047B0068E98C /* NetworkManager.swift in Sources */ = {isa = PBXBuildFile; fileRef = 45E91027276C047B0068E98C /* NetworkManager.swift */; };
		45E9102A276C05FF0068E98C /* RestaurantsService.swift in Sources */ = {isa = PBXBuildFile; fileRef = 45E91029276C05FF0068E98C /* RestaurantsService.swift */; };
		45E9102C276C06950068E98C /* Restaurants.swift in Sources */ = {isa = PBXBuildFile; fileRef = 45E9102B276C06950068E98C /* Restaurants.swift */; };
		45E91030276C06EA0068E98C /* SearchHeaderView.swift in Sources */ = {isa = PBXBuildFile; fileRef = 45E9102F276C06EA0068E98C /* SearchHeaderView.swift */; };
		45E9104027714B6D0068E98C /* UIFont+ATProject.swift in Sources */ = {isa = PBXBuildFile; fileRef = 45E9103F27714B6D0068E98C /* UIFont+ATProject.swift */; };
		45E91043277187F80068E98C /* ATDataModel.xcdatamodeld in Sources */ = {isa = PBXBuildFile; fileRef = 45E91041277187F80068E98C /* ATDataModel.xcdatamodeld */; };
		45E910692773CD5D0068E98C /* CoreDataManager.swift in Sources */ = {isa = PBXBuildFile; fileRef = 45E910682773CD5D0068E98C /* CoreDataManager.swift */; };
		45E9106B277A2D5E0068E98C /* PlacePhotoImageView.swift in Sources */ = {isa = PBXBuildFile; fileRef = 45E9106A277A2D5E0068E98C /* PlacePhotoImageView.swift */; };
		45E9106D277A41A30068E98C /* UIViewController+ATProject.swift in Sources */ = {isa = PBXBuildFile; fileRef = 45E9106C277A41A30068E98C /* UIViewController+ATProject.swift */; };
		45E9106F277B8B9A0068E98C /* RestaurantAnnotationView.swift in Sources */ = {isa = PBXBuildFile; fileRef = 45E9106E277B8B9A0068E98C /* RestaurantAnnotationView.swift */; };
		45E91071277E31460068E98C /* UIColor+ATProject.swift in Sources */ = {isa = PBXBuildFile; fileRef = 45E91070277E31460068E98C /* UIColor+ATProject.swift */; };
		45E91073277E36B20068E98C /* Image.swift in Sources */ = {isa = PBXBuildFile; fileRef = 45E91072277E36B20068E98C /* Image.swift */; };
		45E91075277E37FF0068E98C /* UIImage+ATProject.swift in Sources */ = {isa = PBXBuildFile; fileRef = 45E91074277E37FF0068E98C /* UIImage+ATProject.swift */; };
/* End PBXBuildFile section */

/* Begin PBXFileReference section */
		45E91000276ADC220068E98C /* ATProject.app */ = {isa = PBXFileReference; explicitFileType = wrapper.application; includeInIndex = 0; name = ATProject.app; path = "/Users/jeffreyhaley/ATProject/build/Debug-iphoneos/ATProject.app"; sourceTree = "<absolute>"; };
		45E91003276ADC220068E98C /* AppDelegate.swift */ = {isa = PBXFileReference; lastKnownFileType = sourcecode.swift; path = AppDelegate.swift; sourceTree = "<group>"; };
		45E91007276ADC220068E98C /* RestaurantsViewController.swift */ = {isa = PBXFileReference; lastKnownFileType = sourcecode.swift; path = RestaurantsViewController.swift; sourceTree = "<group>"; };
		45E9100C276ADC250068E98C /* Assets.xcassets */ = {isa = PBXFileReference; lastKnownFileType = folder.assetcatalog; path = Assets.xcassets; sourceTree = "<group>"; };
		45E9100F276ADC250068E98C /* Base */ = {isa = PBXFileReference; lastKnownFileType = file.storyboard; name = Base; path = Base.lproj/LaunchScreen.storyboard; sourceTree = "<group>"; };
		45E91011276ADC250068E98C /* Info.plist */ = {isa = PBXFileReference; lastKnownFileType = text.plist.xml; path = Info.plist; sourceTree = "<group>"; };
		45E91017276AE89B0068E98C /* RestaurantsViewModel.swift */ = {isa = PBXFileReference; lastKnownFileType = sourcecode.swift; path = RestaurantsViewModel.swift; sourceTree = "<group>"; };
		45E91019276AEE2A0068E98C /* RestaurantsTableView.swift */ = {isa = PBXFileReference; lastKnownFileType = sourcecode.swift; path = RestaurantsTableView.swift; sourceTree = "<group>"; };
		45E9101B276AEEF10068E98C /* RestaurantsMapView.swift */ = {isa = PBXFileReference; lastKnownFileType = sourcecode.swift; path = RestaurantsMapView.swift; sourceTree = "<group>"; };
		45E9101D276AEFB20068E98C /* RestaurantInfoView.swift */ = {isa = PBXFileReference; lastKnownFileType = sourcecode.swift; path = RestaurantInfoView.swift; sourceTree = "<group>"; };
		45E9101F276AF2B60068E98C /* RestaurantsBaseView.swift */ = {isa = PBXFileReference; lastKnownFileType = sourcecode.swift; path = RestaurantsBaseView.swift; sourceTree = "<group>"; };
		45E91025276C02D50068E98C /* RestaurantTableViewCell.swift */ = {isa = PBXFileReference; lastKnownFileType = sourcecode.swift; path = RestaurantTableViewCell.swift; sourceTree = "<group>"; };
		45E91027276C047B0068E98C /* NetworkManager.swift */ = {isa = PBXFileReference; lastKnownFileType = sourcecode.swift; path = NetworkManager.swift; sourceTree = "<group>"; };
		45E91029276C05FF0068E98C /* RestaurantsService.swift */ = {isa = PBXFileReference; lastKnownFileType = sourcecode.swift; path = RestaurantsService.swift; sourceTree = "<group>"; };
		45E9102B276C06950068E98C /* Restaurants.swift */ = {isa = PBXFileReference; lastKnownFileType = sourcecode.swift; path = Restaurants.swift; sourceTree = "<group>"; };
		45E9102F276C06EA0068E98C /* SearchHeaderView.swift */ = {isa = PBXFileReference; lastKnownFileType = sourcecode.swift; path = SearchHeaderView.swift; sourceTree = "<group>"; };
		45E9103F27714B6D0068E98C /* UIFont+ATProject.swift */ = {isa = PBXFileReference; lastKnownFileType = sourcecode.swift; path = "UIFont+ATProject.swift"; sourceTree = "<group>"; };
		45E91042277187F80068E98C /* ATDataModel.xcdatamodel */ = {isa = PBXFileReference; lastKnownFileType = wrapper.xcdatamodel; path = ATDataModel.xcdatamodel; sourceTree = "<group>"; };
		45E910682773CD5D0068E98C /* CoreDataManager.swift */ = {isa = PBXFileReference; lastKnownFileType = sourcecode.swift; path = CoreDataManager.swift; sourceTree = "<group>"; };
		45E9106A277A2D5E0068E98C /* PlacePhotoImageView.swift */ = {isa = PBXFileReference; lastKnownFileType = sourcecode.swift; path = PlacePhotoImageView.swift; sourceTree = "<group>"; };
		45E9106C277A41A30068E98C /* UIViewController+ATProject.swift */ = {isa = PBXFileReference; lastKnownFileType = sourcecode.swift; path = "UIViewController+ATProject.swift"; sourceTree = "<group>"; };
		45E9106E277B8B9A0068E98C /* RestaurantAnnotationView.swift */ = {isa = PBXFileReference; lastKnownFileType = sourcecode.swift; path = RestaurantAnnotationView.swift; sourceTree = "<group>"; };
		45E91070277E31460068E98C /* UIColor+ATProject.swift */ = {isa = PBXFileReference; lastKnownFileType = sourcecode.swift; path = "UIColor+ATProject.swift"; sourceTree = "<group>"; };
		45E91072277E36B20068E98C /* Image.swift */ = {isa = PBXFileReference; lastKnownFileType = sourcecode.swift; path = Image.swift; sourceTree = "<group>"; };
		45E91074277E37FF0068E98C /* UIImage+ATProject.swift */ = {isa = PBXFileReference; lastKnownFileType = sourcecode.swift; path = "UIImage+ATProject.swift"; sourceTree = "<group>"; };
/* End PBXFileReference section */

/* Begin PBXFrameworksBuildPhase section */
		45E90FFD276ADC220068E98C /* Frameworks */ = {
			isa = PBXFrameworksBuildPhase;
			buildActionMask = 2147483647;
			files = (
			);
			runOnlyForDeploymentPostprocessing = 0;
		};
/* End PBXFrameworksBuildPhase section */

/* Begin PBXGroup section */
		45E90FF7276ADC220068E98C = {
			isa = PBXGroup;
			children = (
				45E91002276ADC220068E98C /* ATProject */,
			);
			sourceTree = "<group>";
		};
		45E91002276ADC220068E98C /* ATProject */ = {
			isa = PBXGroup;
			children = (
				45E91003276ADC220068E98C /* AppDelegate.swift */,
				45E91037276FB3680068E98C /* View Controllers */,
				45E91039276FB3860068E98C /* View Models */,
				45E91038276FB37B0068E98C /* Views */,
				45E9103B276FB3A70068E98C /* Models */,
				45E9103A276FB3950068E98C /* Service Layer */,
				45E910672773CD4B0068E98C /* Helpers */,
				45E9103C276FB3DE0068E98C /* Extensions */,
				45E9100C276ADC250068E98C /* Assets.xcassets */,
				45E9100E276ADC250068E98C /* LaunchScreen.storyboard */,
				45E91011276ADC250068E98C /* Info.plist */,
				45E91041277187F80068E98C /* ATDataModel.xcdatamodeld */,
			);
			path = ATProject;
			sourceTree = "<group>";
		};
		45E91037276FB3680068E98C /* View Controllers */ = {
			isa = PBXGroup;
			children = (
				45E91007276ADC220068E98C /* RestaurantsViewController.swift */,
			);
			path = "View Controllers";
			sourceTree = "<group>";
		};
		45E91038276FB37B0068E98C /* Views */ = {
			isa = PBXGroup;
			children = (
				45E9101F276AF2B60068E98C /* RestaurantsBaseView.swift */,
				45E9102F276C06EA0068E98C /* SearchHeaderView.swift */,
				45E91019276AEE2A0068E98C /* RestaurantsTableView.swift */,
				45E9101B276AEEF10068E98C /* RestaurantsMapView.swift */,
				45E91025276C02D50068E98C /* RestaurantTableViewCell.swift */,
				45E9106E277B8B9A0068E98C /* RestaurantAnnotationView.swift */,
				45E9101D276AEFB20068E98C /* RestaurantInfoView.swift */,
				45E9106A277A2D5E0068E98C /* PlacePhotoImageView.swift */,
			);
			path = Views;
			sourceTree = "<group>";
		};
		45E91039276FB3860068E98C /* View Models */ = {
			isa = PBXGroup;
			children = (
				45E91017276AE89B0068E98C /* RestaurantsViewModel.swift */,
			);
			path = "View Models";
			sourceTree = "<group>";
		};
		45E9103A276FB3950068E98C /* Service Layer */ = {
			isa = PBXGroup;
			children = (
				45E91029276C05FF0068E98C /* RestaurantsService.swift */,
				45E91027276C047B0068E98C /* NetworkManager.swift */,
			);
			path = "Service Layer";
			sourceTree = "<group>";
		};
		45E9103B276FB3A70068E98C /* Models */ = {
			isa = PBXGroup;
			children = (
				45E91072277E36B20068E98C /* Image.swift */,
				45E9102B276C06950068E98C /* Restaurants.swift */,
			);
			path = Models;
			sourceTree = "<group>";
		};
		45E9103C276FB3DE0068E98C /* Extensions */ = {
			isa = PBXGroup;
			children = (
				45E91070277E31460068E98C /* UIColor+ATProject.swift */,
				45E9103F27714B6D0068E98C /* UIFont+ATProject.swift */,
				45E91074277E37FF0068E98C /* UIImage+ATProject.swift */,
				45E9106C277A41A30068E98C /* UIViewController+ATProject.swift */,
			);
			path = Extensions;
			sourceTree = "<group>";
		};
		45E910672773CD4B0068E98C /* Helpers */ = {
			isa = PBXGroup;
			children = (
				45E910682773CD5D0068E98C /* CoreDataManager.swift */,
			);
			path = Helpers;
			sourceTree = "<group>";
		};
/* End PBXGroup section */

/* Begin PBXNativeTarget section */
		45E90FFF276ADC220068E98C /* ATProject */ = {
			isa = PBXNativeTarget;
			buildConfigurationList = 45E91014276ADC250068E98C /* Build configuration list for PBXNativeTarget "ATProject" */;
			buildPhases = (
				45E90FFC276ADC220068E98C /* Sources */,
				45E90FFD276ADC220068E98C /* Frameworks */,
				45E90FFE276ADC220068E98C /* Resources */,
			);
			buildRules = (
			);
			dependencies = (
			);
			name = ATProject;
			productName = ATProject;
			productReference = 45E91000276ADC220068E98C /* ATProject.app */;
			productType = "com.apple.product-type.application";
		};
/* End PBXNativeTarget section */

/* Begin PBXProject section */
		45E90FF8276ADC220068E98C /* Project object */ = {
			isa = PBXProject;
			attributes = {
				BuildIndependentTargetsInParallel = 1;
				LastSwiftUpdateCheck = 1310;
				LastUpgradeCheck = 1310;
				TargetAttributes = {
					45E90FFF276ADC220068E98C = {
						CreatedOnToolsVersion = 13.1;
					};
				};
			};
			buildConfigurationList = 45E90FFB276ADC220068E98C /* Build configuration list for PBXProject "ATProject" */;
			compatibilityVersion = "Xcode 13.0";
			developmentRegion = en;
			hasScannedForEncodings = 0;
			knownRegions = (
				en,
				Base,
			);
			mainGroup = 45E90FF7276ADC220068E98C;
			productRefGroup = 45E90FF7276ADC220068E98C;
			projectDirPath = "";
			projectRoot = "";
			targets = (
				45E90FFF276ADC220068E98C /* ATProject */,
			);
		};
/* End PBXProject section */

/* Begin PBXResourcesBuildPhase section */
		45E90FFE276ADC220068E98C /* Resources */ = {
			isa = PBXResourcesBuildPhase;
			buildActionMask = 2147483647;
			files = (
				45E91010276ADC250068E98C /* LaunchScreen.storyboard in Resources */,
				45E9100D276ADC250068E98C /* Assets.xcassets in Resources */,
			);
			runOnlyForDeploymentPostprocessing = 0;
		};
/* End PBXResourcesBuildPhase section */

/* Begin PBXSourcesBuildPhase section */
		45E90FFC276ADC220068E98C /* Sources */ = {
			isa = PBXSourcesBuildPhase;
			buildActionMask = 2147483647;
			files = (
				45E9102A276C05FF0068E98C /* RestaurantsService.swift in Sources */,
				45E91008276ADC220068E98C /* RestaurantsViewController.swift in Sources */,
				45E91075277E37FF0068E98C /* UIImage+ATProject.swift in Sources */,
				45E9104027714B6D0068E98C /* UIFont+ATProject.swift in Sources */,
				45E910692773CD5D0068E98C /* CoreDataManager.swift in Sources */,
				45E9101E276AEFB20068E98C /* RestaurantInfoView.swift in Sources */,
				45E91028276C047B0068E98C /* NetworkManager.swift in Sources */,
				45E9102C276C06950068E98C /* Restaurants.swift in Sources */,
				45E9106D277A41A30068E98C /* UIViewController+ATProject.swift in Sources */,
				45E91030276C06EA0068E98C /* SearchHeaderView.swift in Sources */,
				45E91073277E36B20068E98C /* Image.swift in Sources */,
				45E91018276AE89B0068E98C /* RestaurantsViewModel.swift in Sources */,
				45E91020276AF2B60068E98C /* RestaurantsBaseView.swift in Sources */,
				45E9106B277A2D5E0068E98C /* PlacePhotoImageView.swift in Sources */,
				45E91004276ADC220068E98C /* AppDelegate.swift in Sources */,
				45E91043277187F80068E98C /* ATDataModel.xcdatamodeld in Sources */,
				45E9106F277B8B9A0068E98C /* RestaurantAnnotationView.swift in Sources */,
				45E9101A276AEE2A0068E98C /* RestaurantsTableView.swift in Sources */,
				45E9101C276AEEF10068E98C /* RestaurantsMapView.swift in Sources */,
				45E91071277E31460068E98C /* UIColor+ATProject.swift in Sources */,
				45E91026276C02D50068E98C /* RestaurantTableViewCell.swift in Sources */,
			);
			runOnlyForDeploymentPostprocessing = 0;
		};
/* End PBXSourcesBuildPhase section */

/* Begin PBXVariantGroup section */
		45E9100E276ADC250068E98C /* LaunchScreen.storyboard */ = {
			isa = PBXVariantGroup;
			children = (
				45E9100F276ADC250068E98C /* Base */,
			);
			name = LaunchScreen.storyboard;
			sourceTree = "<group>";
		};
/* End PBXVariantGroup section */

/* Begin XCBuildConfiguration section */
		45E91012276ADC250068E98C /* Debug */ = {
			isa = XCBuildConfiguration;
			buildSettings = {
				ALWAYS_SEARCH_USER_PATHS = NO;
				CLANG_ANALYZER_NONNULL = YES;
				CLANG_ANALYZER_NUMBER_OBJECT_CONVERSION = YES_AGGRESSIVE;
				CLANG_CXX_LANGUAGE_STANDARD = "gnu++17";
				CLANG_CXX_LIBRARY = "libc++";
				CLANG_ENABLE_MODULES = YES;
				CLANG_ENABLE_OBJC_ARC = YES;
				CLANG_ENABLE_OBJC_WEAK = YES;
				CLANG_WARN_BLOCK_CAPTURE_AUTORELEASING = YES;
				CLANG_WARN_BOOL_CONVERSION = YES;
				CLANG_WARN_COMMA = YES;
				CLANG_WARN_CONSTANT_CONVERSION = YES;
				CLANG_WARN_DEPRECATED_OBJC_IMPLEMENTATIONS = YES;
				CLANG_WARN_DIRECT_OBJC_ISA_USAGE = YES_ERROR;
				CLANG_WARN_DOCUMENTATION_COMMENTS = YES;
				CLANG_WARN_EMPTY_BODY = YES;
				CLANG_WARN_ENUM_CONVERSION = YES;
				CLANG_WARN_INFINITE_RECURSION = YES;
				CLANG_WARN_INT_CONVERSION = YES;
				CLANG_WARN_NON_LITERAL_NULL_CONVERSION = YES;
				CLANG_WARN_OBJC_IMPLICIT_RETAIN_SELF = YES;
				CLANG_WARN_OBJC_LITERAL_CONVERSION = YES;
				CLANG_WARN_OBJC_ROOT_CLASS = YES_ERROR;
				CLANG_WARN_QUOTED_INCLUDE_IN_FRAMEWORK_HEADER = YES;
				CLANG_WARN_RANGE_LOOP_ANALYSIS = YES;
				CLANG_WARN_STRICT_PROTOTYPES = YES;
				CLANG_WARN_SUSPICIOUS_MOVE = YES;
				CLANG_WARN_UNGUARDED_AVAILABILITY = YES_AGGRESSIVE;
				CLANG_WARN_UNREACHABLE_CODE = YES;
				CLANG_WARN__DUPLICATE_METHOD_MATCH = YES;
				COPY_PHASE_STRIP = NO;
				DEBUG_INFORMATION_FORMAT = dwarf;
				ENABLE_STRICT_OBJC_MSGSEND = YES;
				ENABLE_TESTABILITY = YES;
				GCC_C_LANGUAGE_STANDARD = gnu11;
				GCC_DYNAMIC_NO_PIC = NO;
				GCC_NO_COMMON_BLOCKS = YES;
				GCC_OPTIMIZATION_LEVEL = 0;
				GCC_PREPROCESSOR_DEFINITIONS = (
					"DEBUG=1",
					"$(inherited)",
				);
				GCC_WARN_64_TO_32_BIT_CONVERSION = YES;
				GCC_WARN_ABOUT_RETURN_TYPE = YES_ERROR;
				GCC_WARN_UNDECLARED_SELECTOR = YES;
				GCC_WARN_UNINITIALIZED_AUTOS = YES_AGGRESSIVE;
				GCC_WARN_UNUSED_FUNCTION = YES;
				GCC_WARN_UNUSED_VARIABLE = YES;
				IPHONEOS_DEPLOYMENT_TARGET = 15.0;
				MTL_ENABLE_DEBUG_INFO = INCLUDE_SOURCE;
				MTL_FAST_MATH = YES;
				ONLY_ACTIVE_ARCH = YES;
				SDKROOT = iphoneos;
				SWIFT_ACTIVE_COMPILATION_CONDITIONS = DEBUG;
				SWIFT_OPTIMIZATION_LEVEL = "-Onone";
			};
			name = Debug;
		};
		45E91013276ADC250068E98C /* Release */ = {
			isa = XCBuildConfiguration;
			buildSettings = {
				ALWAYS_SEARCH_USER_PATHS = NO;
				CLANG_ANALYZER_NONNULL = YES;
				CLANG_ANALYZER_NUMBER_OBJECT_CONVERSION = YES_AGGRESSIVE;
				CLANG_CXX_LANGUAGE_STANDARD = "gnu++17";
				CLANG_CXX_LIBRARY = "libc++";
				CLANG_ENABLE_MODULES = YES;
				CLANG_ENABLE_OBJC_ARC = YES;
				CLANG_ENABLE_OBJC_WEAK = YES;
				CLANG_WARN_BLOCK_CAPTURE_AUTORELEASING = YES;
				CLANG_WARN_BOOL_CONVERSION = YES;
				CLANG_WARN_COMMA = YES;
				CLANG_WARN_CONSTANT_CONVERSION = YES;
				CLANG_WARN_DEPRECATED_OBJC_IMPLEMENTATIONS = YES;
				CLANG_WARN_DIRECT_OBJC_ISA_USAGE = YES_ERROR;
				CLANG_WARN_DOCUMENTATION_COMMENTS = YES;
				CLANG_WARN_EMPTY_BODY = YES;
				CLANG_WARN_ENUM_CONVERSION = YES;
				CLANG_WARN_INFINITE_RECURSION = YES;
				CLANG_WARN_INT_CONVERSION = YES;
				CLANG_WARN_NON_LITERAL_NULL_CONVERSION = YES;
				CLANG_WARN_OBJC_IMPLICIT_RETAIN_SELF = YES;
				CLANG_WARN_OBJC_LITERAL_CONVERSION = YES;
				CLANG_WARN_OBJC_ROOT_CLASS = YES_ERROR;
				CLANG_WARN_QUOTED_INCLUDE_IN_FRAMEWORK_HEADER = YES;
				CLANG_WARN_RANGE_LOOP_ANALYSIS = YES;
				CLANG_WARN_STRICT_PROTOTYPES = YES;
				CLANG_WARN_SUSPICIOUS_MOVE = YES;
				CLANG_WARN_UNGUARDED_AVAILABILITY = YES_AGGRESSIVE;
				CLANG_WARN_UNREACHABLE_CODE = YES;
				CLANG_WARN__DUPLICATE_METHOD_MATCH = YES;
				COPY_PHASE_STRIP = NO;
				DEBUG_INFORMATION_FORMAT = "dwarf-with-dsym";
				ENABLE_NS_ASSERTIONS = NO;
				ENABLE_STRICT_OBJC_MSGSEND = YES;
				GCC_C_LANGUAGE_STANDARD = gnu11;
				GCC_NO_COMMON_BLOCKS = YES;
				GCC_WARN_64_TO_32_BIT_CONVERSION = YES;
				GCC_WARN_ABOUT_RETURN_TYPE = YES_ERROR;
				GCC_WARN_UNDECLARED_SELECTOR = YES;
				GCC_WARN_UNINITIALIZED_AUTOS = YES_AGGRESSIVE;
				GCC_WARN_UNUSED_FUNCTION = YES;
				GCC_WARN_UNUSED_VARIABLE = YES;
				IPHONEOS_DEPLOYMENT_TARGET = 15.0;
				MTL_ENABLE_DEBUG_INFO = NO;
				MTL_FAST_MATH = YES;
				SDKROOT = iphoneos;
				SWIFT_COMPILATION_MODE = wholemodule;
				SWIFT_OPTIMIZATION_LEVEL = "-O";
				VALIDATE_PRODUCT = YES;
			};
			name = Release;
		};
		45E91015276ADC250068E98C /* Debug */ = {
			isa = XCBuildConfiguration;
			buildSettings = {
				ASSETCATALOG_COMPILER_APPICON_NAME = AppIcon;
				ASSETCATALOG_COMPILER_GLOBAL_ACCENT_COLOR_NAME = AccentColor;
				CODE_SIGN_STYLE = Automatic;
				CURRENT_PROJECT_VERSION = 1;
				DEVELOPMENT_TEAM = TG5S2LR92S;
				GENERATE_INFOPLIST_FILE = YES;
				INFOPLIST_FILE = ATProject/Info.plist;
				INFOPLIST_KEY_UIApplicationSupportsIndirectInputEvents = YES;
				INFOPLIST_KEY_UILaunchStoryboardName = LaunchScreen;
				INFOPLIST_KEY_UISupportedInterfaceOrientations_iPad = "UIInterfaceOrientationPortrait UIInterfaceOrientationPortraitUpsideDown UIInterfaceOrientationLandscapeLeft UIInterfaceOrientationLandscapeRight";
				INFOPLIST_KEY_UISupportedInterfaceOrientations_iPhone = "UIInterfaceOrientationPortrait UIInterfaceOrientationLandscapeLeft UIInterfaceOrientationLandscapeRight";
				LD_RUNPATH_SEARCH_PATHS = (
					"$(inherited)",
					"@executable_path/Frameworks",
				);
				MARKETING_VERSION = 1.0;
				PRODUCT_BUNDLE_IDENTIFIER = com.JeffHaley.ATProject;
				PRODUCT_NAME = "$(TARGET_NAME)";
				SWIFT_EMIT_LOC_STRINGS = YES;
				SWIFT_VERSION = 5.0;
				TARGETED_DEVICE_FAMILY = "1,2";
			};
			name = Debug;
		};
		45E91016276ADC250068E98C /* Release */ = {
			isa = XCBuildConfiguration;
			buildSettings = {
				ASSETCATALOG_COMPILER_APPICON_NAME = AppIcon;
				ASSETCATALOG_COMPILER_GLOBAL_ACCENT_COLOR_NAME = AccentColor;
				CODE_SIGN_STYLE = Automatic;
				CURRENT_PROJECT_VERSION = 1;
				DEVELOPMENT_TEAM = TG5S2LR92S;
				GENERATE_INFOPLIST_FILE = YES;
				INFOPLIST_FILE = ATProject/Info.plist;
				INFOPLIST_KEY_UIApplicationSupportsIndirectInputEvents = YES;
				INFOPLIST_KEY_UILaunchStoryboardName = LaunchScreen;
				INFOPLIST_KEY_UISupportedInterfaceOrientations_iPad = "UIInterfaceOrientationPortrait UIInterfaceOrientationPortraitUpsideDown UIInterfaceOrientationLandscapeLeft UIInterfaceOrientationLandscapeRight";
				INFOPLIST_KEY_UISupportedInterfaceOrientations_iPhone = "UIInterfaceOrientationPortrait UIInterfaceOrientationLandscapeLeft UIInterfaceOrientationLandscapeRight";
				LD_RUNPATH_SEARCH_PATHS = (
					"$(inherited)",
					"@executable_path/Frameworks",
				);
				MARKETING_VERSION = 1.0;
				PRODUCT_BUNDLE_IDENTIFIER = com.JeffHaley.ATProject;
				PRODUCT_NAME = "$(TARGET_NAME)";
				SWIFT_EMIT_LOC_STRINGS = YES;
				SWIFT_VERSION = 5.0;
				TARGETED_DEVICE_FAMILY = "1,2";
			};
			name = Release;
		};
/* End XCBuildConfiguration section */

/* Begin XCConfigurationList section */
		45E90FFB276ADC220068E98C /* Build configuration list for PBXProject "ATProject" */ = {
			isa = XCConfigurationList;
			buildConfigurations = (
				45E91012276ADC250068E98C /* Debug */,
				45E91013276ADC250068E98C /* Release */,
			);
			defaultConfigurationIsVisible = 0;
			defaultConfigurationName = Release;
		};
		45E91014276ADC250068E98C /* Build configuration list for PBXNativeTarget "ATProject" */ = {
			isa = XCConfigurationList;
			buildConfigurations = (
				45E91015276ADC250068E98C /* Debug */,
				45E91016276ADC250068E98C /* Release */,
			);
			defaultConfigurationIsVisible = 0;
			defaultConfigurationName = Release;
		};
/* End XCConfigurationList section */

/* Begin XCVersionGroup section */
		45E91041277187F80068E98C /* ATDataModel.xcdatamodeld */ = {
			isa = XCVersionGroup;
			children = (
				45E91042277187F80068E98C /* ATDataModel.xcdatamodel */,
			);
			currentVersion = 45E91042277187F80068E98C /* ATDataModel.xcdatamodel */;
			path = ATDataModel.xcdatamodeld;
			sourceTree = "<group>";
			versionGroupType = wrapper.xcdatamodel;
		};
/* End XCVersionGroup section */
	};
	rootObject = 45E90FF8276ADC220068E98C /* Project object */;
}
